// !$*UTF8*$!
{
	archiveVersion = 1;
	classes = {
	};
	objectVersion = 50;
	objects = {

/* Begin PBXBuildFile section */
		EBF5ACEC26FD532000D266C2 /* AppDelegate.swift in Sources */ = {isa = PBXBuildFile; fileRef = EBF5ACEB26FD532000D266C2 /* AppDelegate.swift */; };
		EBF5ACEE26FD532000D266C2 /* SceneDelegate.swift in Sources */ = {isa = PBXBuildFile; fileRef = EBF5ACED26FD532000D266C2 /* SceneDelegate.swift */; };
		EBF5ACF326FD532000D266C2 /* Main.storyboard in Resources */ = {isa = PBXBuildFile; fileRef = EBF5ACF126FD532000D266C2 /* Main.storyboard */; };
		EBF5ACF526FD532300D266C2 /* Assets.xcassets in Resources */ = {isa = PBXBuildFile; fileRef = EBF5ACF426FD532300D266C2 /* Assets.xcassets */; };
		EBF5ACF826FD532300D266C2 /* LaunchScreen.storyboard in Resources */ = {isa = PBXBuildFile; fileRef = EBF5ACF626FD532300D266C2 /* LaunchScreen.storyboard */; };
		EBF5AD0226FD543600D266C2 /* FeedTableViewCell.swift in Sources */ = {isa = PBXBuildFile; fileRef = EBF5AD0026FD543600D266C2 /* FeedTableViewCell.swift */; };
		EBF5AD0326FD543600D266C2 /* FeedTableViewCell.xib in Resources */ = {isa = PBXBuildFile; fileRef = EBF5AD0126FD543600D266C2 /* FeedTableViewCell.xib */; };
		EBF5AD0626FD612300D266C2 /* FeedTableViewController.swift in Sources */ = {isa = PBXBuildFile; fileRef = EBF5AD0526FD612300D266C2 /* FeedTableViewController.swift */; };
/* End PBXBuildFile section */

/* Begin PBXFileReference section */
		EBF5ACE826FD531F00D266C2 /* Copybook.app */ = {isa = PBXFileReference; explicitFileType = wrapper.application; includeInIndex = 0; path = Copybook.app; sourceTree = BUILT_PRODUCTS_DIR; };
		EBF5ACEB26FD532000D266C2 /* AppDelegate.swift */ = {isa = PBXFileReference; lastKnownFileType = sourcecode.swift; path = AppDelegate.swift; sourceTree = "<group>"; };
		EBF5ACED26FD532000D266C2 /* SceneDelegate.swift */ = {isa = PBXFileReference; lastKnownFileType = sourcecode.swift; path = SceneDelegate.swift; sourceTree = "<group>"; };
		EBF5ACF226FD532000D266C2 /* Base */ = {isa = PBXFileReference; lastKnownFileType = file.storyboard; name = Base; path = Base.lproj/Main.storyboard; sourceTree = "<group>"; };
		EBF5ACF426FD532300D266C2 /* Assets.xcassets */ = {isa = PBXFileReference; lastKnownFileType = folder.assetcatalog; path = Assets.xcassets; sourceTree = "<group>"; };
		EBF5ACF726FD532300D266C2 /* Base */ = {isa = PBXFileReference; lastKnownFileType = file.storyboard; name = Base; path = Base.lproj/LaunchScreen.storyboard; sourceTree = "<group>"; };
		EBF5ACF926FD532300D266C2 /* Info.plist */ = {isa = PBXFileReference; lastKnownFileType = text.plist.xml; path = Info.plist; sourceTree = "<group>"; };
		EBF5AD0026FD543600D266C2 /* FeedTableViewCell.swift */ = {isa = PBXFileReference; lastKnownFileType = sourcecode.swift; path = FeedTableViewCell.swift; sourceTree = "<group>"; };
		EBF5AD0126FD543600D266C2 /* FeedTableViewCell.xib */ = {isa = PBXFileReference; lastKnownFileType = file.xib; path = FeedTableViewCell.xib; sourceTree = "<group>"; };
		EBF5AD0526FD612300D266C2 /* FeedTableViewController.swift */ = {isa = PBXFileReference; lastKnownFileType = sourcecode.swift; path = FeedTableViewController.swift; sourceTree = "<group>"; };
/* End PBXFileReference section */

/* Begin PBXFrameworksBuildPhase section */
		EBF5ACE526FD531F00D266C2 /* Frameworks */ = {
			isa = PBXFrameworksBuildPhase;
			buildActionMask = 2147483647;
			files = (
			);
			runOnlyForDeploymentPostprocessing = 0;
		};
/* End PBXFrameworksBuildPhase section */

/* Begin PBXGroup section */
		EBF5ACDF26FD531F00D266C2 = {
			isa = PBXGroup;
			children = (
				EBF5ACEA26FD531F00D266C2 /* Copybook */,
				EBF5ACE926FD531F00D266C2 /* Products */,
			);
			sourceTree = "<group>";
		};
		EBF5ACE926FD531F00D266C2 /* Products */ = {
			isa = PBXGroup;
			children = (
				EBF5ACE826FD531F00D266C2 /* Copybook.app */,
			);
			name = Products;
			sourceTree = "<group>";
		};
		EBF5ACEA26FD531F00D266C2 /* Copybook */ = {
			isa = PBXGroup;
			children = (
				EBF5AD0426FD610E00D266C2 /* ViewController */,
				EBF5ACFF26FD540D00D266C2 /* View */,
				EBF5ACEB26FD532000D266C2 /* AppDelegate.swift */,
				EBF5ACED26FD532000D266C2 /* SceneDelegate.swift */,
				EBF5ACF426FD532300D266C2 /* Assets.xcassets */,
				EBF5ACF626FD532300D266C2 /* LaunchScreen.storyboard */,
				EBF5ACF926FD532300D266C2 /* Info.plist */,
			);
			path = Copybook;
			sourceTree = "<group>";
		};
		EBF5ACFF26FD540D00D266C2 /* View */ = {
			isa = PBXGroup;
			children = (
				EBF5ACF126FD532000D266C2 /* Main.storyboard */,
				EBF5AD0026FD543600D266C2 /* FeedTableViewCell.swift */,
				EBF5AD0126FD543600D266C2 /* FeedTableViewCell.xib */,
			);
			path = View;
			sourceTree = "<group>";
		};
		EBF5AD0426FD610E00D266C2 /* ViewController */ = {
			isa = PBXGroup;
			children = (
				EBF5AD0526FD612300D266C2 /* FeedTableViewController.swift */,
			);
			path = ViewController;
			sourceTree = "<group>";
		};
/* End PBXGroup section */

/* Begin PBXNativeTarget section */
		EBF5ACE726FD531F00D266C2 /* Copybook */ = {
			isa = PBXNativeTarget;
			buildConfigurationList = EBF5ACFC26FD532300D266C2 /* Build configuration list for PBXNativeTarget "Copybook" */;
			buildPhases = (
				EBF5ACE426FD531F00D266C2 /* Sources */,
				EBF5ACE526FD531F00D266C2 /* Frameworks */,
				EBF5ACE626FD531F00D266C2 /* Resources */,
			);
			buildRules = (
			);
			dependencies = (
			);
			name = Copybook;
			productName = Copybook;
			productReference = EBF5ACE826FD531F00D266C2 /* Copybook.app */;
			productType = "com.apple.product-type.application";
		};
/* End PBXNativeTarget section */

/* Begin PBXProject section */
		EBF5ACE026FD531F00D266C2 /* Project object */ = {
			isa = PBXProject;
			attributes = {
				LastSwiftUpdateCheck = 1250;
				LastUpgradeCheck = 1250;
				TargetAttributes = {
					EBF5ACE726FD531F00D266C2 = {
						CreatedOnToolsVersion = 12.5.1;
					};
				};
			};
			buildConfigurationList = EBF5ACE326FD531F00D266C2 /* Build configuration list for PBXProject "Copybook" */;
			compatibilityVersion = "Xcode 9.3";
			developmentRegion = en;
			hasScannedForEncodings = 0;
			knownRegions = (
				en,
				Base,
			);
			mainGroup = EBF5ACDF26FD531F00D266C2;
			productRefGroup = EBF5ACE926FD531F00D266C2 /* Products */;
			projectDirPath = "";
			projectRoot = "";
			targets = (
				EBF5ACE726FD531F00D266C2 /* Copybook */,
			);
		};
/* End PBXProject section */

/* Begin PBXResourcesBuildPhase section */
		EBF5ACE626FD531F00D266C2 /* Resources */ = {
			isa = PBXResourcesBuildPhase;
			buildActionMask = 2147483647;
			files = (
				EBF5ACF826FD532300D266C2 /* LaunchScreen.storyboard in Resources */,
				EBF5AD0326FD543600D266C2 /* FeedTableViewCell.xib in Resources */,
				EBF5ACF526FD532300D266C2 /* Assets.xcassets in Resources */,
				EBF5ACF326FD532000D266C2 /* Main.storyboard in Resources */,
			);
			runOnlyForDeploymentPostprocessing = 0;
		};
/* End PBXResourcesBuildPhase section */

/* Begin PBXSourcesBuildPhase section */
		EBF5ACE426FD531F00D266C2 /* Sources */ = {
			isa = PBXSourcesBuildPhase;
			buildActionMask = 2147483647;
			files = (
				EBF5ACEC26FD532000D266C2 /* AppDelegate.swift in Sources */,
				EBF5AD0226FD543600D266C2 /* FeedTableViewCell.swift in Sources */,
				EBF5ACEE26FD532000D266C2 /* SceneDelegate.swift in Sources */,
				EBF5AD0626FD612300D266C2 /* FeedTableViewController.swift in Sources */,
			);
			runOnlyForDeploymentPostprocessing = 0;
		};
/* End PBXSourcesBuildPhase section */

/* Begin PBXVariantGroup section */
		EBF5ACF126FD532000D266C2 /* Main.storyboard */ = {
			isa = PBXVariantGroup;
			children = (
				EBF5ACF226FD532000D266C2 /* Base */,
			);
			name = Main.storyboard;
			sourceTree = "<group>";
		};
		EBF5ACF626FD532300D266C2 /* LaunchScreen.storyboard */ = {
			isa = PBXVariantGroup;
			children = (
				EBF5ACF726FD532300D266C2 /* Base */,
			);
			name = LaunchScreen.storyboard;
			sourceTree = "<group>";
		};
/* End PBXVariantGroup section */

/* Begin XCBuildConfiguration section */
		EBF5ACFA26FD532300D266C2 /* Debug */ = {
			isa = XCBuildConfiguration;
			buildSettings = {
				ALWAYS_SEARCH_USER_PATHS = NO;
				CLANG_ANALYZER_NONNULL = YES;
				CLANG_ANALYZER_NUMBER_OBJECT_CONVERSION = YES_AGGRESSIVE;
				CLANG_CXX_LANGUAGE_STANDARD = "gnu++14";
				CLANG_CXX_LIBRARY = "libc++";
				CLANG_ENABLE_MODULES = YES;
				CLANG_ENABLE_OBJC_ARC = YES;
				CLANG_ENABLE_OBJC_WEAK = YES;
				CLANG_WARN_BLOCK_CAPTURE_AUTORELEASING = YES;
				CLANG_WARN_BOOL_CONVERSION = YES;
				CLANG_WARN_COMMA = YES;
				CLANG_WARN_CONSTANT_CONVERSION = YES;
				CLANG_WARN_DEPRECATED_OBJC_IMPLEMENTATIONS = YES;
				CLANG_WARN_DIRECT_OBJC_ISA_USAGE = YES_ERROR;
				CLANG_WARN_DOCUMENTATION_COMMENTS = YES;
				CLANG_WARN_EMPTY_BODY = YES;
				CLANG_WARN_ENUM_CONVERSION = YES;
				CLANG_WARN_INFINITE_RECURSION = YES;
				CLANG_WARN_INT_CONVERSION = YES;
				CLANG_WARN_NON_LITERAL_NULL_CONVERSION = YES;
				CLANG_WARN_OBJC_IMPLICIT_RETAIN_SELF = YES;
				CLANG_WARN_OBJC_LITERAL_CONVERSION = YES;
				CLANG_WARN_OBJC_ROOT_CLASS = YES_ERROR;
				CLANG_WARN_QUOTED_INCLUDE_IN_FRAMEWORK_HEADER = YES;
				CLANG_WARN_RANGE_LOOP_ANALYSIS = YES;
				CLANG_WARN_STRICT_PROTOTYPES = YES;
				CLANG_WARN_SUSPICIOUS_MOVE = YES;
				CLANG_WARN_UNGUARDED_AVAILABILITY = YES_AGGRESSIVE;
				CLANG_WARN_UNREACHABLE_CODE = YES;
				CLANG_WARN__DUPLICATE_METHOD_MATCH = YES;
				COPY_PHASE_STRIP = NO;
				DEBUG_INFORMATION_FORMAT = dwarf;
				ENABLE_STRICT_OBJC_MSGSEND = YES;
				ENABLE_TESTABILITY = YES;
				GCC_C_LANGUAGE_STANDARD = gnu11;
				GCC_DYNAMIC_NO_PIC = NO;
				GCC_NO_COMMON_BLOCKS = YES;
				GCC_OPTIMIZATION_LEVEL = 0;
				GCC_PREPROCESSOR_DEFINITIONS = (
					"DEBUG=1",
					"$(inherited)",
				);
				GCC_WARN_64_TO_32_BIT_CONVERSION = YES;
				GCC_WARN_ABOUT_RETURN_TYPE = YES_ERROR;
				GCC_WARN_UNDECLARED_SELECTOR = YES;
				GCC_WARN_UNINITIALIZED_AUTOS = YES_AGGRESSIVE;
				GCC_WARN_UNUSED_FUNCTION = YES;
				GCC_WARN_UNUSED_VARIABLE = YES;
				IPHONEOS_DEPLOYMENT_TARGET = 14.5;
				MTL_ENABLE_DEBUG_INFO = INCLUDE_SOURCE;
				MTL_FAST_MATH = YES;
				ONLY_ACTIVE_ARCH = YES;
				SDKROOT = iphoneos;
				SWIFT_ACTIVE_COMPILATION_CONDITIONS = DEBUG;
				SWIFT_OPTIMIZATION_LEVEL = "-Onone";
			};
			name = Debug;
		};
		EBF5ACFB26FD532300D266C2 /* Release */ = {
			isa = XCBuildConfiguration;
			buildSettings = {
				ALWAYS_SEARCH_USER_PATHS = NO;
				CLANG_ANALYZER_NONNULL = YES;
				CLANG_ANALYZER_NUMBER_OBJECT_CONVERSION = YES_AGGRESSIVE;
				CLANG_CXX_LANGUAGE_STANDARD = "gnu++14";
				CLANG_CXX_LIBRARY = "libc++";
				CLANG_ENABLE_MODULES = YES;
				CLANG_ENABLE_OBJC_ARC = YES;
				CLANG_ENABLE_OBJC_WEAK = YES;
				CLANG_WARN_BLOCK_CAPTURE_AUTORELEASING = YES;
				CLANG_WARN_BOOL_CONVERSION = YES;
				CLANG_WARN_COMMA = YES;
				CLANG_WARN_CONSTANT_CONVERSION = YES;
				CLANG_WARN_DEPRECATED_OBJC_IMPLEMENTATIONS = YES;
				CLANG_WARN_DIRECT_OBJC_ISA_USAGE = YES_ERROR;
				CLANG_WARN_DOCUMENTATION_COMMENTS = YES;
				CLANG_WARN_EMPTY_BODY = YES;
				CLANG_WARN_ENUM_CONVERSION = YES;
				CLANG_WARN_INFINITE_RECURSION = YES;
				CLANG_WARN_INT_CONVERSION = YES;
				CLANG_WARN_NON_LITERAL_NULL_CONVERSION = YES;
				CLANG_WARN_OBJC_IMPLICIT_RETAIN_SELF = YES;
				CLANG_WARN_OBJC_LITERAL_CONVERSION = YES;
				CLANG_WARN_OBJC_ROOT_CLASS = YES_ERROR;
				CLANG_WARN_QUOTED_INCLUDE_IN_FRAMEWORK_HEADER = YES;
				CLANG_WARN_RANGE_LOOP_ANALYSIS = YES;
				CLANG_WARN_STRICT_PROTOTYPES = YES;
				CLANG_WARN_SUSPICIOUS_MOVE = YES;
				CLANG_WARN_UNGUARDED_AVAILABILITY = YES_AGGRESSIVE;
				CLANG_WARN_UNREACHABLE_CODE = YES;
				CLANG_WARN__DUPLICATE_METHOD_MATCH = YES;
				COPY_PHASE_STRIP = NO;
				DEBUG_INFORMATION_FORMAT = "dwarf-with-dsym";
				ENABLE_NS_ASSERTIONS = NO;
				ENABLE_STRICT_OBJC_MSGSEND = YES;
				GCC_C_LANGUAGE_STANDARD = gnu11;
				GCC_NO_COMMON_BLOCKS = YES;
				GCC_WARN_64_TO_32_BIT_CONVERSION = YES;
				GCC_WARN_ABOUT_RETURN_TYPE = YES_ERROR;
				GCC_WARN_UNDECLARED_SELECTOR = YES;
				GCC_WARN_UNINITIALIZED_AUTOS = YES_AGGRESSIVE;
				GCC_WARN_UNUSED_FUNCTION = YES;
				GCC_WARN_UNUSED_VARIABLE = YES;
				IPHONEOS_DEPLOYMENT_TARGET = 14.5;
				MTL_ENABLE_DEBUG_INFO = NO;
				MTL_FAST_MATH = YES;
				SDKROOT = iphoneos;
				SWIFT_COMPILATION_MODE = wholemodule;
				SWIFT_OPTIMIZATION_LEVEL = "-O";
				VALIDATE_PRODUCT = YES;
			};
			name = Release;
		};
		EBF5ACFD26FD532300D266C2 /* Debug */ = {
			isa = XCBuildConfiguration;
			buildSettings = {
				ASSETCATALOG_COMPILER_APPICON_NAME = AppIcon;
				ASSETCATALOG_COMPILER_GLOBAL_ACCENT_COLOR_NAME = AccentColor;
				CODE_SIGN_STYLE = Automatic;
				INFOPLIST_FILE = Copybook/Info.plist;
				LD_RUNPATH_SEARCH_PATHS = (
					"$(inherited)",
					"@executable_path/Frameworks",
				);
				PRODUCT_BUNDLE_IDENTIFIER = br.dev.pedroh.Copybook;
				PRODUCT_NAME = "$(TARGET_NAME)";
				SWIFT_VERSION = 5.0;
				TARGETED_DEVICE_FAMILY = "1,2";
			};
			name = Debug;
		};
		EBF5ACFE26FD532300D266C2 /* Release */ = {
			isa = XCBuildConfiguration;
			buildSettings = {
				ASSETCATALOG_COMPILER_APPICON_NAME = AppIcon;
				ASSETCATALOG_COMPILER_GLOBAL_ACCENT_COLOR_NAME = AccentColor;
				CODE_SIGN_STYLE = Automatic;
				INFOPLIST_FILE = Copybook/Info.plist;
				LD_RUNPATH_SEARCH_PATHS = (
					"$(inherited)",
					"@executable_path/Frameworks",
				);
				PRODUCT_BUNDLE_IDENTIFIER = br.dev.pedroh.Copybook;
				PRODUCT_NAME = "$(TARGET_NAME)";
				SWIFT_VERSION = 5.0;
				TARGETED_DEVICE_FAMILY = "1,2";
			};
			name = Release;
		};
/* End XCBuildConfiguration section */

/* Begin XCConfigurationList section */
		EBF5ACE326FD531F00D266C2 /* Build configuration list for PBXProject "Copybook" */ = {
			isa = XCConfigurationList;
			buildConfigurations = (
				EBF5ACFA26FD532300D266C2 /* Debug */,
				EBF5ACFB26FD532300D266C2 /* Release */,
			);
			defaultConfigurationIsVisible = 0;
			defaultConfigurationName = Release;
		};
		EBF5ACFC26FD532300D266C2 /* Build configuration list for PBXNativeTarget "Copybook" */ = {
			isa = XCConfigurationList;
			buildConfigurations = (
				EBF5ACFD26FD532300D266C2 /* Debug */,
				EBF5ACFE26FD532300D266C2 /* Release */,
			);
			defaultConfigurationIsVisible = 0;
			defaultConfigurationName = Release;
		};
/* End XCConfigurationList section */
	};
	rootObject = EBF5ACE026FD531F00D266C2 /* Project object */;
}
